
Microsoft Visual Studio Solution File, Format Version 12.00
# Visual Studio for Mac
Project("{FAE04EC0-301F-11D3-BF4B-00C04F79EFBC}") = "Assembly-CSharp", "Assembly-CSharp.csproj", "{4F7BB4DD-7498-B42B-F9AA-B18C217B7A0D}"
EndProject
Project("{FAE04EC0-301F-11D3-BF4B-00C04F79EFBC}") = "Assembly-CSharp-Editor", "Assembly-CSharp-Editor.csproj", "{FB1466EE-944F-D3C0-D79E-3ABB6C577698}"
EndProject
Global
	GlobalSection(SolutionConfigurationPlatforms) = preSolution
		Debug|Any CPU = Debug|Any CPU
		Release|Any CPU = Release|Any CPU
	EndGlobalSection
	GlobalSection(ProjectConfigurationPlatforms) = postSolution
		{4F7BB4DD-7498-B42B-F9AA-B18C217B7A0D}.Debug|Any CPU.ActiveCfg = Debug|Any CPU
		{4F7BB4DD-7498-B42B-F9AA-B18C217B7A0D}.Debug|Any CPU.Build.0 = Debug|Any CPU
		{4F7BB4DD-7498-B42B-F9AA-B18C217B7A0D}.Release|Any CPU.ActiveCfg = Release|Any CPU
		{4F7BB4DD-7498-B42B-F9AA-B18C217B7A0D}.Release|Any CPU.Build.0 = Release|Any CPU
		{FB1466EE-944F-D3C0-D79E-3ABB6C577698}.Debug|Any CPU.ActiveCfg = Debug|Any CPU
		{FB1466EE-944F-D3C0-D79E-3ABB6C577698}.Debug|Any CPU.Build.0 = Debug|Any CPU
		{FB1466EE-944F-D3C0-D79E-3ABB6C577698}.Release|Any CPU.ActiveCfg = Release|Any CPU
		{FB1466EE-944F-D3C0-D79E-3ABB6C577698}.Release|Any CPU.Build.0 = Release|Any CPU
	EndGlobalSection
	GlobalSection(SolutionProperties) = preSolution
		HideSolutionNode = FALSE
	EndGlobalSection
EndGlobal
